
Microsoft Visual Studio Solution File, Format Version 12.00
# Visual Studio 15
VisualStudioVersion = 15.0.26430.16
MinimumVisualStudioVersion = 10.0.40219.1
Project("{FAE04EC0-301F-11D3-BF4B-00C04F79EFBC}") = "SimpleValueObjects", "SimpleValueObjects\SimpleValueObjects.csproj", "{5F901FC3-C9CA-4D9B-9D9F-5834DE93EDCD}"
EndProject
Project("{FAE04EC0-301F-11D3-BF4B-00C04F79EFBC}") = "SimpleValueObjects.Tests", "SimpleValueObjects.Tests\SimpleValueObjects.Tests.csproj", "{A14AD4EB-3E52-41C6-A32E-23447559401C}"
EndProject
Global
	GlobalSection(SolutionConfigurationPlatforms) = preSolution
		Debug|Any CPU = Debug|Any CPU
		Release|Any CPU = Release|Any CPU
	EndGlobalSection
	GlobalSection(ProjectConfigurationPlatforms) = postSolution
		{5F901FC3-C9CA-4D9B-9D9F-5834DE93EDCD}.Debug|Any CPU.ActiveCfg = Debug|Any CPU
		{5F901FC3-C9CA-4D9B-9D9F-5834DE93EDCD}.Debug|Any CPU.Build.0 = Debug|Any CPU
		{5F901FC3-C9CA-4D9B-9D9F-5834DE93EDCD}.Release|Any CPU.ActiveCfg = Release|Any CPU
		{5F901FC3-C9CA-4D9B-9D9F-5834DE93EDCD}.Release|Any CPU.Build.0 = Release|Any CPU
		{A14AD4EB-3E52-41C6-A32E-23447559401C}.Debug|Any CPU.ActiveCfg = Debug|Any CPU
		{A14AD4EB-3E52-41C6-A32E-23447559401C}.Debug|Any CPU.Build.0 = Debug|Any CPU
		{A14AD4EB-3E52-41C6-A32E-23447559401C}.Release|Any CPU.ActiveCfg = Release|Any CPU
		{A14AD4EB-3E52-41C6-A32E-23447559401C}.Release|Any CPU.Build.0 = Release|Any CPU
	EndGlobalSection
	GlobalSection(SolutionProperties) = preSolution
		HideSolutionNode = FALSE
	EndGlobalSection
EndGlobal
